
Microsoft Visual Studio Solution File, Format Version 12.00
# Visual Studio 15
VisualStudioVersion = 15.0.27428.2015
MinimumVisualStudioVersion = 10.0.40219.1
Project("{FAE04EC0-301F-11D3-BF4B-00C04F79EFBC}") = "RSAlab", "RSAlab\RSAlab.csproj", "{312DE73F-ECD2-4BA0-A98E-7305B60BCC3C}"
EndProject
Global
	GlobalSection(SolutionConfigurationPlatforms) = preSolution
		Debug|Any CPU = Debug|Any CPU
		Release|Any CPU = Release|Any CPU
	EndGlobalSection
	GlobalSection(ProjectConfigurationPlatforms) = postSolution
		{312DE73F-ECD2-4BA0-A98E-7305B60BCC3C}.Debug|Any CPU.ActiveCfg = Debug|Any CPU
		{312DE73F-ECD2-4BA0-A98E-7305B60BCC3C}.Debug|Any CPU.Build.0 = Debug|Any CPU
		{312DE73F-ECD2-4BA0-A98E-7305B60BCC3C}.Release|Any CPU.ActiveCfg = Release|Any CPU
		{312DE73F-ECD2-4BA0-A98E-7305B60BCC3C}.Release|Any CPU.Build.0 = Release|Any CPU
	EndGlobalSection
	GlobalSection(SolutionProperties) = preSolution
		HideSolutionNode = FALSE
	EndGlobalSection
	GlobalSection(ExtensibilityGlobals) = postSolution
		SolutionGuid = {DFC37C4F-F9D3-4FF4-A685-2F35F222E846}
	EndGlobalSection
EndGlobal
